
Microsoft Visual Studio Solution File, Format Version 12.00
# Visual Studio 15
VisualStudioVersion = 15.0.28307.168
MinimumVisualStudioVersion = 10.0.40219.1
Project("{8BC9CEB8-8B4A-11D0-8D11-00A0C91BC942}") = "StopLight", "StopLight\StopLight.vcxproj", "{DBBBC2ED-0AD3-4B4C-B407-A0C997C389B7}"
EndProject
Global
	GlobalSection(SolutionConfigurationPlatforms) = preSolution
		Debug|x64 = Debug|x64
		Debug|x86 = Debug|x86
		Release|x64 = Release|x64
		Release|x86 = Release|x86
	EndGlobalSection
	GlobalSection(ProjectConfigurationPlatforms) = postSolution
		{DBBBC2ED-0AD3-4B4C-B407-A0C997C389B7}.Debug|x64.ActiveCfg = Debug|x64
		{DBBBC2ED-0AD3-4B4C-B407-A0C997C389B7}.Debug|x64.Build.0 = Debug|x64
		{DBBBC2ED-0AD3-4B4C-B407-A0C997C389B7}.Debug|x86.ActiveCfg = Debug|Win32
		{DBBBC2ED-0AD3-4B4C-B407-A0C997C389B7}.Debug|x86.Build.0 = Debug|Win32
		{DBBBC2ED-0AD3-4B4C-B407-A0C997C389B7}.Release|x64.ActiveCfg = Release|x64
		{DBBBC2ED-0AD3-4B4C-B407-A0C997C389B7}.Release|x64.Build.0 = Release|x64
		{DBBBC2ED-0AD3-4B4C-B407-A0C997C389B7}.Release|x86.ActiveCfg = Release|Win32
		{DBBBC2ED-0AD3-4B4C-B407-A0C997C389B7}.Release|x86.Build.0 = Release|Win32
	EndGlobalSection
	GlobalSection(SolutionProperties) = preSolution
		HideSolutionNode = FALSE
	EndGlobalSection
	GlobalSection(ExtensibilityGlobals) = postSolution
		SolutionGuid = {25722195-C5FF-44D5-BD03-6606C3C9CDF5}
	EndGlobalSection
EndGlobal
